
Microsoft Visual Studio Solution File, Format Version 12.00
# Visual Studio Version 17
VisualStudioVersion = 17.14.37516.0 d17.14
MinimumVisualStudioVersion = 10.0.40219.1
Project("{8BC9CEB8-8B4A-11D0-8D11-00A0C91BC942}") = "04-ffmpeg-FLV提取H264裸流", "04-ffmpeg-FLV提取H264裸流.vcxproj", "{D6E14A8B-DC33-4E81-8915-4E67F2699AC5}"
EndProject
Global
	GlobalSection(SolutionConfigurationPlatforms) = preSolution
		Debug|x64 = Debug|x64
		Debug|x86 = Debug|x86
		Release|x64 = Release|x64
		Release|x86 = Release|x86
	EndGlobalSection
	GlobalSection(ProjectConfigurationPlatforms) = postSolution
		{D6E14A8B-DC33-4E81-8915-4E67F2699AC5}.Debug|x64.ActiveCfg = Debug|x64
		{D6E14A8B-DC33-4E81-8915-4E67F2699AC5}.Debug|x64.Build.0 = Debug|x64
		{D6E14A8B-DC33-4E81-8915-4E67F2699AC5}.Debug|x86.ActiveCfg = Debug|Win32
		{D6E14A8B-DC33-4E81-8915-4E67F2699AC5}.Debug|x86.Build.0 = Debug|Win32
		{D6E14A8B-DC33-4E81-8915-4E67F2699AC5}.Release|x64.ActiveCfg = Release|x64
		{D6E14A8B-DC33-4E81-8915-4E67F2699AC5}.Release|x64.Build.0 = Release|x64
		{D6E14A8B-DC33-4E81-8915-4E67F2699AC5}.Release|x86.ActiveCfg = Release|Win32
		{D6E14A8B-DC33-4E81-8915-4E67F2699AC5}.Release|x86.Build.0 = Release|Win32
	EndGlobalSection
	GlobalSection(SolutionProperties) = preSolution
		HideSolutionNode = FALSE
	EndGlobalSection
	GlobalSection(ExtensibilityGlobals) = postSolution
		SolutionGuid = {1557E942-742E-4521-9063-4AC27FA42895}
	EndGlobalSection
EndGlobal
